<?xml version="1.0" encoding="utf-8"?>
<Project ToolsVersion="4.0" xmlns="http://schemas.microsoft.com/developer/msbuild/2003">
  <ItemGroup>
    <Filter Include="Source Files">
      <UniqueIdentifier>{4FC737F1-C7A5-4376-A066-2A32D752A2FF}</UniqueIdentifier>
      <Extensions>cpp;c;cc;cxx;c++;cppm;ixx;def;odl;idl;hpj;bat;asm;asmx</Extensions>
    </Filter>
    <Filter Include="Header Files">
      <UniqueIdentifier>{93995380-89BD-4b04-88EB-625FBE52EBFB}</UniqueIdentifier>
      <Extensions>h;hh;hpp;hxx;h++;hm;inl;inc;ipp;xsd</Extensions>
    </Filter>
    <Filter Include="Resource Files">
      <UniqueIdentifier>{67DA6AB6-F800-4c08-8B7A-83BB121AAD01}</UniqueIdentifier>
      <Extensions>rc;ico;cur;bmp;dlg;rc2;rct;bin;rgs;gif;jpg;jpeg;jpe;resx;tiff;tif;png;wav;mfcribbon-ms</Extensions>
    </Filter>
    <Filter Include="hooks">
      <UniqueIdentifier>{6fefd010-2996-4825-ba31-1bac1786d036}</UniqueIdentifier>
    </Filter>
    <Filter Include="dx">
      <UniqueIdentifier>{56a2809c-0ba2-414a-a2cd-536ceea9f66d}</UniqueIdentifier>
    </Filter>
    <Filter Include="global">
      <UniqueIdentifier>{63477034-4d1b-49eb-b7b4-7ed77ac71368}</UniqueIdentifier>
    </Filter>
    <Filter Include="dx\dx">
      <UniqueIdentifier>{f46e5b3d-3efb-4d1e-aa25-441adf4ecfaa}</UniqueIdentifier>
    </Filter>
    <Filter Include="dx\draw">
      <UniqueIdentifier>{1f296d7d-74d1-4044-8a2e-6f5d2e34d39d}</UniqueIdentifier>
    </Filter>
    <Filter Include="vector">
      <UniqueIdentifier>{118deb5d-b2bc-4476-8194-4cccf09ec641}</UniqueIdentifier>
    </Filter>
    <Filter Include="sdk">
      <UniqueIdentifier>{dba97518-decc-4e24-9da2-0746fed5e919}</UniqueIdentifier>
    </Filter>
    <Filter Include="mem">
      <UniqueIdentifier>{d904f175-d5fe-41c7-869e-16d086b43ebd}</UniqueIdentifier>
    </Filter>
    <Filter Include="gui">
      <UniqueIdentifier>{c8a96b32-502c-4f45-b381-789620ead214}</UniqueIdentifier>
    </Filter>
    <Filter Include="ImGui">
      <UniqueIdentifier>{6ecc9f58-bcbc-4da7-8331-42869db12c08}</UniqueIdentifier>
    </Filter>
    <Filter Include="aimbot">
      <UniqueIdentifier>{a71d0c44-7e6f-471e-8517-151cb9bb1b07}</UniqueIdentifier>
    </Filter>
    <Filter Include="geom">
      <UniqueIdentifier>{e880767f-51df-4c2d-9182-be19fd0f7506}</UniqueIdentifier>
    </Filter>
    <Filter Include="config">
      <UniqueIdentifier>{22458ca7-59c6-44a7-9c12-e0cfbd7be1d6}</UniqueIdentifier>
    </Filter>
    <Filter Include="json">
      <UniqueIdentifier>{4b0471a8-f1f2-456f-8ecb-826341f9602b}</UniqueIdentifier>
    </Filter>
    <Filter Include="esp">
      <UniqueIdentifier>{8e19fc0b-66da-4134-9474-d9d8692c6206}</UniqueIdentifier>
    </Filter>
    <Filter Include="freecam">
      <UniqueIdentifier>{7c1ced8b-c642-4cb1-a42e-dbef380b98ed}</UniqueIdentifier>
    </Filter>
  </ItemGroup>
  <ItemGroup>
    <ClCompile Include="dllmain.cpp">
      <Filter>Source Files</Filter>
    </ClCompile>
    <ClCompile Include="hooks.cpp">
      <Filter>hooks</Filter>
    </ClCompile>
    <ClCompile Include="global.cpp">
      <Filter>global</Filter>
    </ClCompile>
    <ClCompile Include="dx.cpp">
      <Filter>dx\dx</Filter>
    </ClCompile>
    <ClCompile Include="draw.cpp">
      <Filter>dx\draw</Filter>
    </ClCompile>
    <ClCompile Include="mem.cpp">
      <Filter>mem</Filter>
    </ClCompile>
    <ClCompile Include="gui.cpp">
      <Filter>gui</Filter>
    </ClCompile>
    <ClCompile Include="ImGui\imgui_impl_win32.cpp">
      <Filter>ImGui</Filter>
    </ClCompile>
    <ClCompile Include="ImGui\imgui_widgets.cpp">
      <Filter>ImGui</Filter>
    </ClCompile>
    <ClCompile Include="ImGui\imgui.cpp">
      <Filter>ImGui</Filter>
    </ClCompile>
    <ClCompile Include="ImGui\imgui_demo.cpp">
      <Filter>ImGui</Filter>
    </ClCompile>
    <ClCompile Include="ImGui\imgui_draw.cpp">
      <Filter>ImGui</Filter>
    </ClCompile>
    <ClCompile Include="ImGui\imgui_impl_dx9.cpp">
      <Filter>ImGui</Filter>
    </ClCompile>
    <ClCompile Include="aimbot.cpp">
      <Filter>aimbot</Filter>
    </ClCompile>
    <ClCompile Include="geom.cpp">
      <Filter>geom</Filter>
    </ClCompile>
    <ClCompile Include="config.cpp">
      <Filter>config</Filter>
    </ClCompile>
    <ClCompile Include="sdk.cpp">
      <Filter>sdk</Filter>
    </ClCompile>
    <ClCompile Include="esp.cpp">
      <Filter>esp</Filter>
    </ClCompile>
    <ClCompile Include="freecam.cpp">
      <Filter>freecam</Filter>
    </ClCompile>
  </ItemGroup>
  <ItemGroup>
    <ClInclude Include="hooks.h">
      <Filter>hooks</Filter>
    </ClInclude>
    <ClInclude Include="global.h">
      <Filter>global</Filter>
    </ClInclude>
    <ClInclude Include="dx.h">
      <Filter>dx\dx</Filter>
    </ClInclude>
    <ClInclude Include="draw.h">
      <Filter>dx\draw</Filter>
    </ClInclude>
    <ClInclude Include="vector.h">
      <Filter>vector</Filter>
    </ClInclude>
    <ClInclude Include="sdk.h">
      <Filter>sdk</Filter>
    </ClInclude>
    <ClInclude Include="mem.h">
      <Filter>mem</Filter>
    </ClInclude>
    <ClInclude Include="gui.h">
      <Filter>gui</Filter>
    </ClInclude>
    <ClInclude Include="ImGui\imgui_impl_dx9.h">
      <Filter>ImGui</Filter>
    </ClInclude>
    <ClInclude Include="ImGui\imgui_impl_win32.h">
      <Filter>ImGui</Filter>
    </ClInclude>
    <ClInclude Include="ImGui\imgui_internal.h">
      <Filter>ImGui</Filter>
    </ClInclude>
    <ClInclude Include="ImGui\imstb_rectpack.h">
      <Filter>ImGui</Filter>
    </ClInclude>
    <ClInclude Include="ImGui\imstb_textedit.h">
      <Filter>ImGui</Filter>
    </ClInclude>
    <ClInclude Include="ImGui\imstb_truetype.h">
      <Filter>ImGui</Filter>
    </ClInclude>
    <ClInclude Include="ImGui\imconfig.h">
      <Filter>ImGui</Filter>
    </ClInclude>
    <ClInclude Include="ImGui\imgui.h">
      <Filter>ImGui</Filter>
    </ClInclude>
    <ClInclude Include="aimbot.h">
      <Filter>aimbot</Filter>
    </ClInclude>
    <ClInclude Include="geom.h">
      <Filter>geom</Filter>
    </ClInclude>
    <ClInclude Include="config.h">
      <Filter>config</Filter>
    </ClInclude>
    <ClInclude Include="json.hpp">
      <Filter>json</Filter>
    </ClInclude>
    <ClInclude Include="esp.h">
      <Filter>esp</Filter>
    </ClInclude>
    <ClInclude Include="freecam.h">
      <Filter>freecam</Filter>
    </ClInclude>
  </ItemGroup>
</Project>